
Microsoft Visual Studio Solution File, Format Version 12.00
# Visual Studio Version 17
VisualStudioVersion = 17.9.34714.143
MinimumVisualStudioVersion = 10.0.40219.1
Project("{9A19103F-16F7-4668-BE54-9A1E7A4F7556}") = "Furni.Web", "Furni.Web\Furni.Web.csproj", "{02E9200B-2E29-4485-9213-49F5F718CC5C}"
EndProject
Project("{9A19103F-16F7-4668-BE54-9A1E7A4F7556}") = "Furni.DataAccess", "Furni.DataAccess\Furni.DataAccess.csproj", "{E24393C3-B2D3-4AAA-8501-495E88587967}"
EndProject
Project("{9A19103F-16F7-4668-BE54-9A1E7A4F7556}") = "Furni.Models", "Furni.Models\Furni.Models.csproj", "{F51505D1-35AF-46D8-9E6B-D3EE6A77FFA0}"
EndProject
Project("{9A19103F-16F7-4668-BE54-9A1E7A4F7556}") = "Furni.Utility", "Furni.Utility\Furni.Utility.csproj", "{F3863210-93C6-455D-8B08-DF4BE7543A7E}"
EndProject
Global
	GlobalSection(SolutionConfigurationPlatforms) = preSolution
		Debug|Any CPU = Debug|Any CPU
		Release|Any CPU = Release|Any CPU
	EndGlobalSection
	GlobalSection(ProjectConfigurationPlatforms) = postSolution
		{02E9200B-2E29-4485-9213-49F5F718CC5C}.Debug|Any CPU.ActiveCfg = Debug|Any CPU
		{02E9200B-2E29-4485-9213-49F5F718CC5C}.Debug|Any CPU.Build.0 = Debug|Any CPU
		{02E9200B-2E29-4485-9213-49F5F718CC5C}.Release|Any CPU.ActiveCfg = Release|Any CPU
		{02E9200B-2E29-4485-9213-49F5F718CC5C}.Release|Any CPU.Build.0 = Release|Any CPU
		{E24393C3-B2D3-4AAA-8501-495E88587967}.Debug|Any CPU.ActiveCfg = Debug|Any CPU
		{E24393C3-B2D3-4AAA-8501-495E88587967}.Debug|Any CPU.Build.0 = Debug|Any CPU
		{E24393C3-B2D3-4AAA-8501-495E88587967}.Release|Any CPU.ActiveCfg = Release|Any CPU
		{E24393C3-B2D3-4AAA-8501-495E88587967}.Release|Any CPU.Build.0 = Release|Any CPU
		{F51505D1-35AF-46D8-9E6B-D3EE6A77FFA0}.Debug|Any CPU.ActiveCfg = Debug|Any CPU
		{F51505D1-35AF-46D8-9E6B-D3EE6A77FFA0}.Debug|Any CPU.Build.0 = Debug|Any CPU
		{F51505D1-35AF-46D8-9E6B-D3EE6A77FFA0}.Release|Any CPU.ActiveCfg = Release|Any CPU
		{F51505D1-35AF-46D8-9E6B-D3EE6A77FFA0}.Release|Any CPU.Build.0 = Release|Any CPU
		{F3863210-93C6-455D-8B08-DF4BE7543A7E}.Debug|Any CPU.ActiveCfg = Debug|Any CPU
		{F3863210-93C6-455D-8B08-DF4BE7543A7E}.Debug|Any CPU.Build.0 = Debug|Any CPU
		{F3863210-93C6-455D-8B08-DF4BE7543A7E}.Release|Any CPU.ActiveCfg = Release|Any CPU
		{F3863210-93C6-455D-8B08-DF4BE7543A7E}.Release|Any CPU.Build.0 = Release|Any CPU
	EndGlobalSection
	GlobalSection(SolutionProperties) = preSolution
		HideSolutionNode = FALSE
	EndGlobalSection
	GlobalSection(ExtensibilityGlobals) = postSolution
		SolutionGuid = {C019E2DC-64C3-48F2-8DC7-1CEE2D7D03A3}
	EndGlobalSection
EndGlobal
